
Microsoft Visual Studio Solution File, Format Version 12.00
# Visual Studio 15
VisualStudioVersion = 15.0.28307.136
MinimumVisualStudioVersion = 10.0.40219.1
Project("{9A19103F-16F7-4668-BE54-9A1E7A4F7556}") = "CreditScoring.Portal", "src\CreditScoring.Portal\CreditScoring.Portal.csproj", "{8C005EF3-411A-4D1D-81C7-C66A3E6DC8A0}"
EndProject
Project("{9A19103F-16F7-4668-BE54-9A1E7A4F7556}") = "CreditScoring.Portal.Core.Data.Dapper", "src\CrossCutting\CreditScoring.Portal.Data.Dapper\CreditScoring.Portal.Core.Data.Dapper.csproj", "{8428DDE3-6CF6-43E0-B830-5E41E141EA03}"
EndProject
Project("{2150E333-8FDC-42A3-9474-1A3956D46DE8}") = "src", "src", "{51DB4387-706B-4D7A-BE1A-BA326C75ADDB}"
EndProject
Project("{2150E333-8FDC-42A3-9474-1A3956D46DE8}") = "Services", "Services", "{7A2797CB-256F-4728-A636-60FB66509CC4}"
EndProject
Project("{2150E333-8FDC-42A3-9474-1A3956D46DE8}") = "Web", "Web", "{04922829-71BC-4A0F-B3EB-FFD266CF30E4}"
EndProject
Project("{2150E333-8FDC-42A3-9474-1A3956D46DE8}") = "CrossCutting", "CrossCutting", "{76D18D44-9F35-4C71-8303-26139D7185AB}"
EndProject
Project("{9A19103F-16F7-4668-BE54-9A1E7A4F7556}") = "CreditScoring.Portal.Services.AdminService", "src\Services\CreditScoring.Portal.Services.AdminService\CreditScoring.Portal.Services.AdminService.csproj", "{BED0C351-4E8B-4070-9A79-1199BAA172B1}"
EndProject
Project("{FAE04EC0-301F-11D3-BF4B-00C04F79EFBC}") = "CreditScoring.Portal.Core", "src\CrossCutting\CreditScoring.Portal.Core\CreditScoring.Portal.Core.csproj", "{9B428529-F1CD-4AD0-B0F1-B63415C8B9D3}"
EndProject
Global
	GlobalSection(SolutionConfigurationPlatforms) = preSolution
		Debug|Any CPU = Debug|Any CPU
		Release|Any CPU = Release|Any CPU
	EndGlobalSection
	GlobalSection(ProjectConfigurationPlatforms) = postSolution
		{8C005EF3-411A-4D1D-81C7-C66A3E6DC8A0}.Debug|Any CPU.ActiveCfg = Debug|Any CPU
		{8C005EF3-411A-4D1D-81C7-C66A3E6DC8A0}.Debug|Any CPU.Build.0 = Debug|Any CPU
		{8C005EF3-411A-4D1D-81C7-C66A3E6DC8A0}.Release|Any CPU.ActiveCfg = Release|Any CPU
		{8C005EF3-411A-4D1D-81C7-C66A3E6DC8A0}.Release|Any CPU.Build.0 = Release|Any CPU
		{8428DDE3-6CF6-43E0-B830-5E41E141EA03}.Debug|Any CPU.ActiveCfg = Debug|Any CPU
		{8428DDE3-6CF6-43E0-B830-5E41E141EA03}.Debug|Any CPU.Build.0 = Debug|Any CPU
		{8428DDE3-6CF6-43E0-B830-5E41E141EA03}.Release|Any CPU.ActiveCfg = Release|Any CPU
		{8428DDE3-6CF6-43E0-B830-5E41E141EA03}.Release|Any CPU.Build.0 = Release|Any CPU
		{BED0C351-4E8B-4070-9A79-1199BAA172B1}.Debug|Any CPU.ActiveCfg = Debug|Any CPU
		{BED0C351-4E8B-4070-9A79-1199BAA172B1}.Debug|Any CPU.Build.0 = Debug|Any CPU
		{BED0C351-4E8B-4070-9A79-1199BAA172B1}.Release|Any CPU.ActiveCfg = Release|Any CPU
		{BED0C351-4E8B-4070-9A79-1199BAA172B1}.Release|Any CPU.Build.0 = Release|Any CPU
		{9B428529-F1CD-4AD0-B0F1-B63415C8B9D3}.Debug|Any CPU.ActiveCfg = Debug|Any CPU
		{9B428529-F1CD-4AD0-B0F1-B63415C8B9D3}.Debug|Any CPU.Build.0 = Debug|Any CPU
		{9B428529-F1CD-4AD0-B0F1-B63415C8B9D3}.Release|Any CPU.ActiveCfg = Release|Any CPU
		{9B428529-F1CD-4AD0-B0F1-B63415C8B9D3}.Release|Any CPU.Build.0 = Release|Any CPU
	EndGlobalSection
	GlobalSection(SolutionProperties) = preSolution
		HideSolutionNode = FALSE
	EndGlobalSection
	GlobalSection(NestedProjects) = preSolution
		{8C005EF3-411A-4D1D-81C7-C66A3E6DC8A0} = {04922829-71BC-4A0F-B3EB-FFD266CF30E4}
		{8428DDE3-6CF6-43E0-B830-5E41E141EA03} = {76D18D44-9F35-4C71-8303-26139D7185AB}
		{7A2797CB-256F-4728-A636-60FB66509CC4} = {51DB4387-706B-4D7A-BE1A-BA326C75ADDB}
		{04922829-71BC-4A0F-B3EB-FFD266CF30E4} = {51DB4387-706B-4D7A-BE1A-BA326C75ADDB}
		{76D18D44-9F35-4C71-8303-26139D7185AB} = {51DB4387-706B-4D7A-BE1A-BA326C75ADDB}
		{BED0C351-4E8B-4070-9A79-1199BAA172B1} = {7A2797CB-256F-4728-A636-60FB66509CC4}
		{9B428529-F1CD-4AD0-B0F1-B63415C8B9D3} = {76D18D44-9F35-4C71-8303-26139D7185AB}
	EndGlobalSection
	GlobalSection(ExtensibilityGlobals) = postSolution
		SolutionGuid = {B3381453-3220-41DF-B2F7-AB3CF6FA980F}
	EndGlobalSection
EndGlobal
